{
  "version": 4,
  "terraform_version": "1.4.6",
  "serial": 2,
  "lineage": "9cdd1f44-da2c-85e1-68f8-472cedf96576",
  "outputs": {
    "registry_id": {
      "value": "516666139624",
      "type": "string"
    },
    "repository_name": {
      "value": "whatsnxt-cicd-pipeline",
      "type": "string"
    },
    "repository_url": {
      "value": "516666139624.dkr.ecr.ap-south-1.amazonaws.com/whatsnxt-cicd-pipeline",
      "type": "string"
    }
  },
  "resources": [
    {
      "mode": "managed",
      "type": "aws_ecr_repository",
      "name": "repository",
      "provider": "provider[\"registry.terraform.io/hashicorp/aws\"]",
      "instances": [
        {
          "schema_version": 0,
          "attributes": {
            "arn": "arn:aws:ecr:ap-south-1:516666139624:repository/whatsnxt-cicd-pipeline",
            "encryption_configuration": [
              {
                "encryption_type": "AES256",
                "kms_key": ""
              }
            ],
            "force_delete": null,
            "id": "whatsnxt-cicd-pipeline",
            "image_scanning_configuration": [
              {
                "scan_on_push": true
              }
            ],
            "image_tag_mutability": "MUTABLE",
            "name": "whatsnxt-cicd-pipeline",
            "registry_id": "516666139624",
            "repository_url": "516666139624.dkr.ecr.ap-south-1.amazonaws.com/whatsnxt-cicd-pipeline",
            "tags": {
              "Name": "whatsnxt-cicd-pipeline"
            },
            "tags_all": {
              "Name": "whatsnxt-cicd-pipeline"
            },
            "timeouts": null
          },
          "sensitive_attributes": [],
          "private": "eyJlMmJmYjczMC1lY2FhLTExZTYtOGY4OC0zNDM2M2JjN2M0YzAiOnsiZGVsZXRlIjoxMjAwMDAwMDAwMDAwfX0="
        }
      ]
    }
  ],
  "check_results": null
}
